{
  "version": 4,
  "terraform_version": "1.4.5",
  "serial": 6,
  "lineage": "d5aa9225-994d-8cab-af72-3402a79acf40",
  "outputs": {
    "name": {
      "value": "A9qg9B$Ne6DND\u003cEJwSc-",
      "type": "string"
    }
  },
  "resources": [
    {
      "mode": "managed",
      "type": "local_file",
      "name": "name1",
      "provider": "provider[\"registry.terraform.io/hashicorp/local\"]",
      "instances": [
        {
          "schema_version": 0,
          "attributes": {
            "content": "This is Random text string from MD folder : A9qg9B$Ne6DND\u003cEJwSc-",
            "content_base64": null,
            "content_base64sha256": "f0sSZxpTuh8Bn0bqKwTwKZTG9O7H8cfkOggo2l6zhTI=",
            "content_base64sha512": "ciB7luVGF2qNeOIv576uNQOyO7tMuX/+kKfz4aFSBDoNMDIfXqnV76hA89xM0M95rZEIGV3Vly4Q/f7SkeMTOw==",
            "content_md5": "7f031308b2ef016c0ea42233c888574e",
            "content_sha1": "73f0b94c3b9c2b5c2ba0aff65d45fcdc325b55c9",
            "content_sha256": "7f4b12671a53ba1f019f46ea2b04f02994c6f4eec7f1c7e43a0828da5eb38532",
            "content_sha512": "72207b96e546176a8d78e22fe7beae3503b23bbb4cb97ffe90a7f3e1a152043a0d30321f5ea9d5efa840f3dc4cd0cf79ad9108195dd5972e10fdfed291e3133b",
            "directory_permission": "0777",
            "file_permission": "0777",
            "filename": "Implicit.txt",
            "id": "73f0b94c3b9c2b5c2ba0aff65d45fcdc325b55c9",
            "sensitive_content": null,
            "source": null
          },
          "sensitive_attributes": [],
          "dependencies": [
            "random_string.name2"
          ]
        }
      ]
    },
    {
      "mode": "managed",
      "type": "local_file",
      "name": "name8",
      "provider": "provider[\"registry.terraform.io/hashicorp/local\"]",
      "instances": [
        {
          "schema_version": 0,
          "attributes": {
            "content": "This is Random text string from MD folder : A9qg9B$Ne6DND\u003cEJwSc-",
            "content_base64": null,
            "content_base64sha256": "f0sSZxpTuh8Bn0bqKwTwKZTG9O7H8cfkOggo2l6zhTI=",
            "content_base64sha512": "ciB7luVGF2qNeOIv576uNQOyO7tMuX/+kKfz4aFSBDoNMDIfXqnV76hA89xM0M95rZEIGV3Vly4Q/f7SkeMTOw==",
            "content_md5": "7f031308b2ef016c0ea42233c888574e",
            "content_sha1": "73f0b94c3b9c2b5c2ba0aff65d45fcdc325b55c9",
            "content_sha256": "7f4b12671a53ba1f019f46ea2b04f02994c6f4eec7f1c7e43a0828da5eb38532",
            "content_sha512": "72207b96e546176a8d78e22fe7beae3503b23bbb4cb97ffe90a7f3e1a152043a0d30321f5ea9d5efa840f3dc4cd0cf79ad9108195dd5972e10fdfed291e3133b",
            "directory_permission": "0777",
            "file_permission": "0777",
            "filename": "explicit.txt",
            "id": "73f0b94c3b9c2b5c2ba0aff65d45fcdc325b55c9",
            "sensitive_content": null,
            "source": null
          },
          "sensitive_attributes": [],
          "dependencies": [
            "random_string.name2"
          ]
        }
      ]
    },
    {
      "mode": "managed",
      "type": "random_string",
      "name": "name2",
      "provider": "provider[\"registry.terraform.io/hashicorp/random\"]",
      "instances": [
        {
          "schema_version": 2,
          "attributes": {
            "id": "A9qg9B$Ne6DND\u003cEJwSc-",
            "keepers": null,
            "length": 20,
            "lower": true,
            "min_lower": 0,
            "min_numeric": 0,
            "min_special": 0,
            "min_upper": 0,
            "number": true,
            "numeric": true,
            "override_special": null,
            "result": "A9qg9B$Ne6DND\u003cEJwSc-",
            "special": true,
            "upper": true
          },
          "sensitive_attributes": []
        }
      ]
    }
  ],
  "check_results": null
}
