{
  "version": 4,
  "terraform_version": "1.4.5",
  "serial": 1,
  "lineage": "d1cf9cda-34cf-36bb-6199-1ac87661c7d0",
  "outputs": {},
  "resources": [
    {
      "mode": "managed",
      "type": "local_file",
      "name": "Sample_vars",
      "provider": "provider[\"registry.terraform.io/hashicorp/local\"]",
      "instances": [
        {
          "schema_version": 0,
          "attributes": {
            "content": "My name is Shivaranjan",
            "content_base64": null,
            "content_base64sha256": "BbeX5CvKm8PuJO1ppvKpPIo7Mf2PyfgWf7xRdAuOMdo=",
            "content_base64sha512": "QY196pEiO1w2q5mEyViahxmSUuLyGb9wT5/hmfqqqD0nRrfbLTQBYBlhH1LYEhvuRa1vkMYO1CBdgwFNAJP5bw==",
            "content_md5": "f9cde0cef89f662a417db9f4009c07ed",
            "content_sha1": "62373b09263895e5935bf0c0753ca1a5427d7ab1",
            "content_sha256": "05b797e42bca9bc3ee24ed69a6f2a93c8a3b31fd8fc9f8167fbc51740b8e31da",
            "content_sha512": "418d7dea91223b5c36ab9984c9589a87199252e2f219bf704f9fe199faaaa83d2746b7db2d34016019611f52d8121bee45ad6f90c60ed4205d83014d0093f96f",
            "directory_permission": "0777",
            "file_permission": "0777",
            "filename": "Sample.txt",
            "id": "62373b09263895e5935bf0c0753ca1a5427d7ab1",
            "sensitive_content": null,
            "source": null
          },
          "sensitive_attributes": []
        }
      ]
    }
  ],
  "check_results": null
}
