{
  "version": 4,
  "terraform_version": "1.4.5",
  "serial": 1,
  "lineage": "67ccdae9-bb02-77ce-c2d5-c12eecda366e",
  "outputs": {},
  "resources": [
    {
      "mode": "managed",
      "type": "local_file",
      "name": "First_TF_file",
      "provider": "provider[\"registry.terraform.io/hashicorp/local\"]",
      "instances": [
        {
          "schema_version": 0,
          "attributes": {
            "content": "Welcome to my world",
            "content_base64": null,
            "content_base64sha256": "n19Yc0rr/HJ2C1TkL1yzVApbDDqJT2eq80QZ8HmwLkc=",
            "content_base64sha512": "ICvAyjy/jCgqLfeii2xa2Wzw++NjckJR28w7LF1eg18F0Mgiv2048pHWi/F3fnzKlB/cJD9Kn+Hb3u+pEKcZQw==",
            "content_md5": "cf4ee5aa8447b6ac0a22675083fb6cb6",
            "content_sha1": "7dafe34385e0b201793b12f1ff3ebd6a6c1cfa04",
            "content_sha256": "9f5f58734aebfc72760b54e42f5cb3540a5b0c3a894f67aaf34419f079b02e47",
            "content_sha512": "202bc0ca3cbf8c282a2df7a28b6c5ad96cf0fbe363724251dbcc3b2c5d5e835f05d0c822bf6d38f291d68bf1777e7cca941fdc243f4a9fe1dbdeefa910a71943",
            "directory_permission": "0777",
            "file_permission": "0777",
            "filename": "Sample text",
            "id": "7dafe34385e0b201793b12f1ff3ebd6a6c1cfa04",
            "sensitive_content": null,
            "source": null
          },
          "sensitive_attributes": []
        }
      ]
    }
  ],
  "check_results": null
}
