{
  "version": 4,
  "terraform_version": "1.4.5",
  "serial": 10,
  "lineage": "f970dc8f-bc4d-513e-a733-70d06b53b991",
  "outputs": {},
  "resources": [
    {
      "mode": "managed",
      "type": "google_storage_bucket",
      "name": "GCS1",
      "provider": "provider[\"registry.terraform.io/hashicorp/google\"]",
      "instances": [
        {
          "schema_version": 0,
          "attributes": {
            "autoclass": [],
            "cors": [],
            "custom_placement_config": [],
            "default_event_based_hold": false,
            "encryption": [],
            "force_destroy": false,
            "id": "shiva-bucket-from-tf-gcs-storage",
            "labels": {
              "dep": "complience",
              "env": "tf_env"
            },
            "lifecycle_rule": [
              {
                "action": [
                  {
                    "storage_class": "COLDLINE",
                    "type": "SetStorageClass"
                  }
                ],
                "condition": [
                  {
                    "age": 1,
                    "created_before": "",
                    "custom_time_before": "",
                    "days_since_custom_time": 0,
                    "days_since_noncurrent_time": 0,
                    "matches_prefix": [],
                    "matches_storage_class": [],
                    "matches_suffix": [],
                    "noncurrent_time_before": "",
                    "num_newer_versions": 0,
                    "with_state": "ANY"
                  }
                ]
              }
            ],
            "location": "US-CENTRAL1",
            "logging": [],
            "name": "shiva-bucket-from-tf-gcs-storage",
            "project": "terraform-to-gcp",
            "public_access_prevention": "inherited",
            "requester_pays": false,
            "retention_policy": [],
            "self_link": "https://www.googleapis.com/storage/v1/b/shiva-bucket-from-tf-gcs-storage",
            "storage_class": "standard",
            "timeouts": null,
            "uniform_bucket_level_access": true,
            "url": "gs://shiva-bucket-from-tf-gcs-storage",
            "versioning": [],
            "website": []
          },
          "sensitive_attributes": [],
          "private": "eyJlMmJmYjczMC1lY2FhLTExZTYtOGY4OC0zNDM2M2JjN2M0YzAiOnsiY3JlYXRlIjo2MDAwMDAwMDAwMDAsInJlYWQiOjI0MDAwMDAwMDAwMCwidXBkYXRlIjoyNDAwMDAwMDAwMDB9fQ=="
        }
      ]
    },
    {
      "mode": "managed",
      "type": "google_storage_bucket_object",
      "name": "picture1",
      "provider": "provider[\"registry.terraform.io/hashicorp/google\"]",
      "instances": [
        {
          "schema_version": 0,
          "attributes": {
            "bucket": "shiva-bucket-from-tf-gcs-storage",
            "cache_control": "",
            "content": null,
            "content_disposition": "",
            "content_encoding": "",
            "content_language": "",
            "content_type": "image/png",
            "crc32c": "vUDt5A==",
            "customer_encryption": [],
            "detect_md5hash": "N8BF28qj9QQ112TPw9lN1w==",
            "event_based_hold": false,
            "id": "shiva-bucket-from-tf-gcs-storage-certified-in-cybersecurity-cc",
            "kms_key_name": "",
            "md5hash": "N8BF28qj9QQ112TPw9lN1w==",
            "media_link": "https://storage.googleapis.com/download/storage/v1/b/shiva-bucket-from-tf-gcs-storage/o/certified-in-cybersecurity-cc?generation=1695301657176565\u0026alt=media",
            "metadata": {},
            "name": "certified-in-cybersecurity-cc",
            "output_name": "certified-in-cybersecurity-cc",
            "self_link": "https://www.googleapis.com/storage/v1/b/shiva-bucket-from-tf-gcs-storage/o/certified-in-cybersecurity-cc",
            "source": "certified-in-cybersecurity-cc.png",
            "storage_class": "COLDLINE",
            "temporary_hold": false,
            "timeouts": null
          },
          "sensitive_attributes": [],
          "private": "eyJlMmJmYjczMC1lY2FhLTExZTYtOGY4OC0zNDM2M2JjN2M0YzAiOnsiY3JlYXRlIjoyNDAwMDAwMDAwMDAsImRlbGV0ZSI6MjQwMDAwMDAwMDAwLCJ1cGRhdGUiOjI0MDAwMDAwMDAwMH19",
          "dependencies": [
            "google_storage_bucket.GCS1"
          ]
        }
      ]
    }
  ],
  "check_results": null
}
