{
  "version": 4,
  "terraform_version": "1.4.5",
  "serial": 1,
  "lineage": "75a9c5c8-c001-8103-e9c7-95cbc5322e35",
  "outputs": {},
  "resources": [
    {
      "mode": "managed",
      "type": "local_file",
      "name": "Cat_res",
      "provider": "provider[\"registry.terraform.io/hashicorp/local\"]",
      "instances": [
        {
          "schema_version": 0,
          "attributes": {
            "content": "Welcome to my world of cats",
            "content_base64": null,
            "content_base64sha256": "Qn6mpAqj6XUz0YzDy7WS3NgD2cqkCn/72a6qec0kog4=",
            "content_base64sha512": "tpm0DopsnaB8vxKEzoleEp2kP3N5RLM/A+96d6uR4D5/neA5F4Fu6DYOTDHZAUbCTWKYj9g+vAkgf8ZcYEtrxw==",
            "content_md5": "e30e64f68eef4f6d019324d9e085e146",
            "content_sha1": "e02fe6721017c5f63ff8df308870bf2ae3a4a4d8",
            "content_sha256": "427ea6a40aa3e97533d18cc3cbb592dcd803d9caa40a7ffbd9aeaa79cd24a20e",
            "content_sha512": "b699b40e8a6c9da07cbf1284ce895e129da43f737944b33f03ef7a77ab91e03e7f9de03917816ee8360e4c31d90146c24d62988fd83ebc09207fc65c604b6bc7",
            "directory_permission": "0777",
            "file_permission": "0777",
            "filename": "Cat.txt",
            "id": "e02fe6721017c5f63ff8df308870bf2ae3a4a4d8",
            "sensitive_content": null,
            "source": null
          },
          "sensitive_attributes": []
        }
      ]
    },
    {
      "mode": "managed",
      "type": "local_file",
      "name": "Dog_res",
      "provider": "provider[\"registry.terraform.io/hashicorp/local\"]",
      "instances": [
        {
          "schema_version": 0,
          "attributes": {
            "content": "Welcome to my world of Dogs",
            "content_base64": null,
            "content_base64sha256": "a4ZG65267yz9ggXJctnJxjVo7G7fxb4ZHwUlG03tvUE=",
            "content_base64sha512": "NIpDq6eBtNbn+K4gudxzvp8GgoRDAsTAtIzFJXDWXnjw+9GdKHS70zEEdB8Q1SEgu5koFB56pX4/3/pksmmA5Q==",
            "content_md5": "bea3ad0aa903c7b73b0ce077ae77957f",
            "content_sha1": "6af61fe6cabba454f71fa1b18440b0103f2e1d15",
            "content_sha256": "6b8646eb9dbaef2cfd8205c972d9c9c63568ec6edfc5be191f05251b4dedbd41",
            "content_sha512": "348a43aba781b4d6e7f8ae20b9dc73be9f0682844302c4c0b48cc52570d65e78f0fbd19d2874bbd33104741f10d52120bb9928141e7aa57e3fdffa64b26980e5",
            "directory_permission": "0777",
            "file_permission": "0777",
            "filename": "Dog.txt",
            "id": "6af61fe6cabba454f71fa1b18440b0103f2e1d15",
            "sensitive_content": null,
            "source": null
          },
          "sensitive_attributes": []
        }
      ]
    }
  ],
  "check_results": null
}
