{
  "version": 4,
  "terraform_version": "1.4.5",
  "serial": 1,
  "lineage": "84056fec-8629-ad19-524c-bb273e90c3cc",
  "outputs": {},
  "resources": [
    {
      "mode": "managed",
      "type": "local_file",
      "name": "First_TF_file",
      "provider": "provider[\"registry.terraform.io/hashicorp/local\"]",
      "instances": [
        {
          "schema_version": 0,
          "attributes": {
            "content": null,
            "content_base64": null,
            "content_base64sha256": "mYlylKahEqCp5OI8WGePcXzeAx6Nb+UvXOdrH4NT9xI=",
            "content_base64sha512": "9n2cRnvCfdUW28Jrn9auoAfz2tbMPeUGg6rhmvXSVdiGCLIhqqLeX3dOUlQq1hEoLasP2T0qzZg2u77hTqFfcQ==",
            "content_md5": "7728ea0a281863c76a56a7381014dde9",
            "content_sha1": "a8ee7906a7a2daa045430de682106a023352d0e4",
            "content_sha256": "99897294a6a112a0a9e4e23c58678f717cde031e8d6fe52f5ce76b1f8353f712",
            "content_sha512": "f67d9c467bc27dd516dbc26b9fd6aea007f3dad6cc3de50683aae19af5d255d88608b221aaa2de5f774e52542ad611282dab0fd93d2acd9836bbbee14ea15f71",
            "directory_permission": "0700",
            "file_permission": "0700",
            "filename": "Sample text",
            "id": "a8ee7906a7a2daa045430de682106a023352d0e4",
            "sensitive_content": "Welcome to My world",
            "source": null
          },
          "sensitive_attributes": []
        }
      ]
    }
  ],
  "check_results": null
}
